// !$*UTF8*$!
{
	archiveVersion = 1;
	classes = {
	};
	objectVersion = 46;
	objects = {

/* Begin PBXBuildFile section */
		1226FDB61F8D0EE300488C4E /* ZYCRecommendUserCell.m in Sources */ = {isa = PBXBuildFile; fileRef = 1226FDB41F8D0EE300488C4E /* ZYCRecommendUserCell.m */; };
		1226FDB71F8D0EE300488C4E /* ZYCRecommendUserCell.xib in Resources */ = {isa = PBXBuildFile; fileRef = 1226FDB51F8D0EE300488C4E /* ZYCRecommendUserCell.xib */; };
		1226FDBA1F8D130A00488C4E /* ZYCRecommendUser.m in Sources */ = {isa = PBXBuildFile; fileRef = 1226FDB91F8D130A00488C4E /* ZYCRecommendUser.m */; };
		12313E0D1F8A524200441AAF /* ZYCRecommendCategory.m in Sources */ = {isa = PBXBuildFile; fileRef = 12313E0C1F8A524200441AAF /* ZYCRecommendCategory.m */; };
		12313E111F8A5A3600441AAF /* ZYCRecommenCategoryCell.m in Sources */ = {isa = PBXBuildFile; fileRef = 12313E0F1F8A5A3600441AAF /* ZYCRecommenCategoryCell.m */; };
		12313E121F8A5A3600441AAF /* ZYCRecommenCategoryCell.xib in Resources */ = {isa = PBXBuildFile; fileRef = 12313E101F8A5A3600441AAF /* ZYCRecommenCategoryCell.xib */; };
		128D04BB1F94E8D2005BECAE /* ZYCRecommendTagsCell.m in Sources */ = {isa = PBXBuildFile; fileRef = 128D04B91F94E8D2005BECAE /* ZYCRecommendTagsCell.m */; };
		128D04BC1F94E8D2005BECAE /* ZYCRecommendTagsCell.xib in Resources */ = {isa = PBXBuildFile; fileRef = 128D04BA1F94E8D2005BECAE /* ZYCRecommendTagsCell.xib */; };
		1292797E1F9B999B003254E4 /* ZYCLoginRegisterViewController.m in Sources */ = {isa = PBXBuildFile; fileRef = 1292797C1F9B999A003254E4 /* ZYCLoginRegisterViewController.m */; };
		1292797F1F9B999B003254E4 /* ZYCLoginRegisterViewController.xib in Resources */ = {isa = PBXBuildFile; fileRef = 1292797D1F9B999A003254E4 /* ZYCLoginRegisterViewController.xib */; };
		129279851F9BAFAE003254E4 /* ZYCVerticalButton.m in Sources */ = {isa = PBXBuildFile; fileRef = 129279841F9BAFAE003254E4 /* ZYCVerticalButton.m */; };
		129C61C81F619F5C0061AC67 /* ZYCEssenceViewController.m in Sources */ = {isa = PBXBuildFile; fileRef = 129C619E1F619F5C0061AC67 /* ZYCEssenceViewController.m */; };
		129C61C91F619F5C0061AC67 /* ZYCEssenceViewController.xib in Resources */ = {isa = PBXBuildFile; fileRef = 129C619F1F619F5C0061AC67 /* ZYCEssenceViewController.xib */; };
		129C61CA1F619F5C0061AC67 /* ZYCFriendTrendsViewController.m in Sources */ = {isa = PBXBuildFile; fileRef = 129C61A51F619F5C0061AC67 /* ZYCFriendTrendsViewController.m */; };
		129C61CB1F619F5C0061AC67 /* ZYCFriendTrendsViewController.xib in Resources */ = {isa = PBXBuildFile; fileRef = 129C61A61F619F5C0061AC67 /* ZYCFriendTrendsViewController.xib */; };
		129C61CC1F619F5C0061AC67 /* ZYCMeViewController.m in Sources */ = {isa = PBXBuildFile; fileRef = 129C61AC1F619F5C0061AC67 /* ZYCMeViewController.m */; };
		129C61CD1F619F5C0061AC67 /* ZYCMeViewController.xib in Resources */ = {isa = PBXBuildFile; fileRef = 129C61AD1F619F5C0061AC67 /* ZYCMeViewController.xib */; };
		129C61CE1F619F5C0061AC67 /* ZYCNewViewController.m in Sources */ = {isa = PBXBuildFile; fileRef = 129C61B31F619F5C0061AC67 /* ZYCNewViewController.m */; };
		129C61CF1F619F5C0061AC67 /* ZYCNewViewController.xib in Resources */ = {isa = PBXBuildFile; fileRef = 129C61B41F619F5C0061AC67 /* ZYCNewViewController.xib */; };
		129C61D01F619F5C0061AC67 /* AppDelegate.m in Sources */ = {isa = PBXBuildFile; fileRef = 129C61B91F619F5C0061AC67 /* AppDelegate.m */; };
		129C61D11F619F5C0061AC67 /* UIBarButtonItem+ZYCExtention.m in Sources */ = {isa = PBXBuildFile; fileRef = 129C61BC1F619F5C0061AC67 /* UIBarButtonItem+ZYCExtention.m */; };
		129C61D21F619F5C0061AC67 /* UIView+ZYCExtention.m in Sources */ = {isa = PBXBuildFile; fileRef = 129C61BE1F619F5C0061AC67 /* UIView+ZYCExtention.m */; };
		129C61D31F619F5C0061AC67 /* ZYCTabBarController.m in Sources */ = {isa = PBXBuildFile; fileRef = 129C61C11F619F5C0061AC67 /* ZYCTabBarController.m */; };
		129C61D41F619F5C0061AC67 /* main.m in Sources */ = {isa = PBXBuildFile; fileRef = 129C61C21F619F5C0061AC67 /* main.m */; };
		129C61D51F619F5C0061AC67 /* ZYCTabBar.m in Sources */ = {isa = PBXBuildFile; fileRef = 129C61C71F619F5C0061AC67 /* ZYCTabBar.m */; };
		129CB0381F83DE5F0039016A /* ZYCRecommendViewController.m in Sources */ = {isa = PBXBuildFile; fileRef = 129CB0361F83DE5F0039016A /* ZYCRecommendViewController.m */; };
		129CB0391F83DE5F0039016A /* ZYCRecommendViewController.xib in Resources */ = {isa = PBXBuildFile; fileRef = 129CB0371F83DE5F0039016A /* ZYCRecommendViewController.xib */; };
		12CCF8201F5EF0C00019E988 /* baisibudejie_pro.xcdatamodeld in Sources */ = {isa = PBXBuildFile; fileRef = 12CCF81E1F5EF0C00019E988 /* baisibudejie_pro.xcdatamodeld */; };
		12CCF8221F5EF0C00019E988 /* Assets.xcassets in Resources */ = {isa = PBXBuildFile; fileRef = 12CCF8211F5EF0C00019E988 /* Assets.xcassets */; };
		12CCF8301F5EF0C70019E988 /* baisibudejie_proUITests.m in Sources */ = {isa = PBXBuildFile; fileRef = 12CCF82F1F5EF0C70019E988 /* baisibudejie_proUITests.m */; };
		12D2A8BA1F93A5C100DDE8CC /* ZYCRecommendTagsViewController.m in Sources */ = {isa = PBXBuildFile; fileRef = 12D2A8B91F93A5C100DDE8CC /* ZYCRecommendTagsViewController.m */; };
		12D2A8C01F93A91E00DDE8CC /* ZYCRecommendTag.m in Sources */ = {isa = PBXBuildFile; fileRef = 12D2A8BF1F93A91E00DDE8CC /* ZYCRecommendTag.m */; };
		12FE4B991F873897001CD643 /* ZYCNavigationController.m in Sources */ = {isa = PBXBuildFile; fileRef = 12FE4B981F873897001CD643 /* ZYCNavigationController.m */; };
		12FE4B9B1F87397B001CD643 /* Foundation+Log.m in Sources */ = {isa = PBXBuildFile; fileRef = 12FE4B9A1F87397B001CD643 /* Foundation+Log.m */; };
		86AD902B87DA3FA09C77B4F0 /* libPods-baisibudejie-proUITests.a in Frameworks */ = {isa = PBXBuildFile; fileRef = 94453FD44617546F5956BE9A /* libPods-baisibudejie-proUITests.a */; };
		F6024F547A0844366175776E /* libPods-baisibudejie-pro.a in Frameworks */ = {isa = PBXBuildFile; fileRef = A5DDEC683FC06DD02B05B407 /* libPods-baisibudejie-pro.a */; };
/* End PBXBuildFile section */

/* Begin PBXContainerItemProxy section */
		12CCF82C1F5EF0C70019E988 /* PBXContainerItemProxy */ = {
			isa = PBXContainerItemProxy;
			containerPortal = 12CCF8071F5EF0BE0019E988 /* Project object */;
			proxyType = 1;
			remoteGlobalIDString = 12CCF80E1F5EF0BE0019E988;
			remoteInfo = "baisibudejie-pro";
		};
/* End PBXContainerItemProxy section */

/* Begin PBXFileReference section */
		08A339B69BBAB719148CAC9E /* Pods-baisibudejie-pro.release.xcconfig */ = {isa = PBXFileReference; includeInIndex = 1; lastKnownFileType = text.xcconfig; name = "Pods-baisibudejie-pro.release.xcconfig"; path = "Pods/Target Support Files/Pods-baisibudejie-pro/Pods-baisibudejie-pro.release.xcconfig"; sourceTree = "<group>"; };
		1226FDB31F8D0EE300488C4E /* ZYCRecommendUserCell.h */ = {isa = PBXFileReference; lastKnownFileType = sourcecode.c.h; path = ZYCRecommendUserCell.h; sourceTree = "<group>"; };
		1226FDB41F8D0EE300488C4E /* ZYCRecommendUserCell.m */ = {isa = PBXFileReference; lastKnownFileType = sourcecode.c.objc; path = ZYCRecommendUserCell.m; sourceTree = "<group>"; };
		1226FDB51F8D0EE300488C4E /* ZYCRecommendUserCell.xib */ = {isa = PBXFileReference; lastKnownFileType = file.xib; path = ZYCRecommendUserCell.xib; sourceTree = "<group>"; };
		1226FDB81F8D130A00488C4E /* ZYCRecommendUser.h */ = {isa = PBXFileReference; lastKnownFileType = sourcecode.c.h; path = ZYCRecommendUser.h; sourceTree = "<group>"; };
		1226FDB91F8D130A00488C4E /* ZYCRecommendUser.m */ = {isa = PBXFileReference; lastKnownFileType = sourcecode.c.objc; path = ZYCRecommendUser.m; sourceTree = "<group>"; };
		12313E0B1F8A524200441AAF /* ZYCRecommendCategory.h */ = {isa = PBXFileReference; lastKnownFileType = sourcecode.c.h; path = ZYCRecommendCategory.h; sourceTree = "<group>"; };
		12313E0C1F8A524200441AAF /* ZYCRecommendCategory.m */ = {isa = PBXFileReference; lastKnownFileType = sourcecode.c.objc; path = ZYCRecommendCategory.m; sourceTree = "<group>"; };
		12313E0E1F8A5A3600441AAF /* ZYCRecommenCategoryCell.h */ = {isa = PBXFileReference; lastKnownFileType = sourcecode.c.h; path = ZYCRecommenCategoryCell.h; sourceTree = "<group>"; };
		12313E0F1F8A5A3600441AAF /* ZYCRecommenCategoryCell.m */ = {isa = PBXFileReference; lastKnownFileType = sourcecode.c.objc; path = ZYCRecommenCategoryCell.m; sourceTree = "<group>"; };
		12313E101F8A5A3600441AAF /* ZYCRecommenCategoryCell.xib */ = {isa = PBXFileReference; lastKnownFileType = file.xib; path = ZYCRecommenCategoryCell.xib; sourceTree = "<group>"; };
		128D04B81F94E8D2005BECAE /* ZYCRecommendTagsCell.h */ = {isa = PBXFileReference; lastKnownFileType = sourcecode.c.h; path = ZYCRecommendTagsCell.h; sourceTree = "<group>"; };
		128D04B91F94E8D2005BECAE /* ZYCRecommendTagsCell.m */ = {isa = PBXFileReference; lastKnownFileType = sourcecode.c.objc; path = ZYCRecommendTagsCell.m; sourceTree = "<group>"; };
		128D04BA1F94E8D2005BECAE /* ZYCRecommendTagsCell.xib */ = {isa = PBXFileReference; lastKnownFileType = file.xib; path = ZYCRecommendTagsCell.xib; sourceTree = "<group>"; };
		1292797B1F9B999A003254E4 /* ZYCLoginRegisterViewController.h */ = {isa = PBXFileReference; lastKnownFileType = sourcecode.c.h; path = ZYCLoginRegisterViewController.h; sourceTree = "<group>"; };
		1292797C1F9B999A003254E4 /* ZYCLoginRegisterViewController.m */ = {isa = PBXFileReference; lastKnownFileType = sourcecode.c.objc; path = ZYCLoginRegisterViewController.m; sourceTree = "<group>"; };
		1292797D1F9B999A003254E4 /* ZYCLoginRegisterViewController.xib */ = {isa = PBXFileReference; lastKnownFileType = file.xib; path = ZYCLoginRegisterViewController.xib; sourceTree = "<group>"; };
		129279831F9BAFAE003254E4 /* ZYCVerticalButton.h */ = {isa = PBXFileReference; lastKnownFileType = sourcecode.c.h; path = ZYCVerticalButton.h; sourceTree = "<group>"; };
		129279841F9BAFAE003254E4 /* ZYCVerticalButton.m */ = {isa = PBXFileReference; lastKnownFileType = sourcecode.c.objc; path = ZYCVerticalButton.m; sourceTree = "<group>"; };
		129C619D1F619F5C0061AC67 /* ZYCEssenceViewController.h */ = {isa = PBXFileReference; fileEncoding = 4; lastKnownFileType = sourcecode.c.h; path = ZYCEssenceViewController.h; sourceTree = "<group>"; };
		129C619E1F619F5C0061AC67 /* ZYCEssenceViewController.m */ = {isa = PBXFileReference; fileEncoding = 4; lastKnownFileType = sourcecode.c.objc; path = ZYCEssenceViewController.m; sourceTree = "<group>"; };
		129C619F1F619F5C0061AC67 /* ZYCEssenceViewController.xib */ = {isa = PBXFileReference; fileEncoding = 4; lastKnownFileType = file.xib; path = ZYCEssenceViewController.xib; sourceTree = "<group>"; };
		129C61A41F619F5C0061AC67 /* ZYCFriendTrendsViewController.h */ = {isa = PBXFileReference; fileEncoding = 4; lastKnownFileType = sourcecode.c.h; path = ZYCFriendTrendsViewController.h; sourceTree = "<group>"; };
		129C61A51F619F5C0061AC67 /* ZYCFriendTrendsViewController.m */ = {isa = PBXFileReference; fileEncoding = 4; lastKnownFileType = sourcecode.c.objc; path = ZYCFriendTrendsViewController.m; sourceTree = "<group>"; };
		129C61A61F619F5C0061AC67 /* ZYCFriendTrendsViewController.xib */ = {isa = PBXFileReference; fileEncoding = 4; lastKnownFileType = file.xib; path = ZYCFriendTrendsViewController.xib; sourceTree = "<group>"; };
		129C61AB1F619F5C0061AC67 /* ZYCMeViewController.h */ = {isa = PBXFileReference; fileEncoding = 4; lastKnownFileType = sourcecode.c.h; path = ZYCMeViewController.h; sourceTree = "<group>"; };
		129C61AC1F619F5C0061AC67 /* ZYCMeViewController.m */ = {isa = PBXFileReference; fileEncoding = 4; lastKnownFileType = sourcecode.c.objc; path = ZYCMeViewController.m; sourceTree = "<group>"; };
		129C61AD1F619F5C0061AC67 /* ZYCMeViewController.xib */ = {isa = PBXFileReference; fileEncoding = 4; lastKnownFileType = file.xib; path = ZYCMeViewController.xib; sourceTree = "<group>"; };
		129C61B21F619F5C0061AC67 /* ZYCNewViewController.h */ = {isa = PBXFileReference; fileEncoding = 4; lastKnownFileType = sourcecode.c.h; path = ZYCNewViewController.h; sourceTree = "<group>"; };
		129C61B31F619F5C0061AC67 /* ZYCNewViewController.m */ = {isa = PBXFileReference; fileEncoding = 4; lastKnownFileType = sourcecode.c.objc; path = ZYCNewViewController.m; sourceTree = "<group>"; };
		129C61B41F619F5C0061AC67 /* ZYCNewViewController.xib */ = {isa = PBXFileReference; fileEncoding = 4; lastKnownFileType = file.xib; path = ZYCNewViewController.xib; sourceTree = "<group>"; };
		129C61B81F619F5C0061AC67 /* AppDelegate.h */ = {isa = PBXFileReference; fileEncoding = 4; lastKnownFileType = sourcecode.c.h; path = AppDelegate.h; sourceTree = "<group>"; };
		129C61B91F619F5C0061AC67 /* AppDelegate.m */ = {isa = PBXFileReference; fileEncoding = 4; lastKnownFileType = sourcecode.c.objc; path = AppDelegate.m; sourceTree = "<group>"; };
		129C61BB1F619F5C0061AC67 /* UIBarButtonItem+ZYCExtention.h */ = {isa = PBXFileReference; fileEncoding = 4; lastKnownFileType = sourcecode.c.h; path = "UIBarButtonItem+ZYCExtention.h"; sourceTree = "<group>"; };
		129C61BC1F619F5C0061AC67 /* UIBarButtonItem+ZYCExtention.m */ = {isa = PBXFileReference; fileEncoding = 4; lastKnownFileType = sourcecode.c.objc; path = "UIBarButtonItem+ZYCExtention.m"; sourceTree = "<group>"; };
		129C61BD1F619F5C0061AC67 /* UIView+ZYCExtention.h */ = {isa = PBXFileReference; fileEncoding = 4; lastKnownFileType = sourcecode.c.h; path = "UIView+ZYCExtention.h"; sourceTree = "<group>"; };
		129C61BE1F619F5C0061AC67 /* UIView+ZYCExtention.m */ = {isa = PBXFileReference; fileEncoding = 4; lastKnownFileType = sourcecode.c.objc; path = "UIView+ZYCExtention.m"; sourceTree = "<group>"; };
		129C61C01F619F5C0061AC67 /* ZYCTabBarController.h */ = {isa = PBXFileReference; fileEncoding = 4; lastKnownFileType = sourcecode.c.h; path = ZYCTabBarController.h; sourceTree = "<group>"; };
		129C61C11F619F5C0061AC67 /* ZYCTabBarController.m */ = {isa = PBXFileReference; fileEncoding = 4; lastKnownFileType = sourcecode.c.objc; path = ZYCTabBarController.m; sourceTree = "<group>"; };
		129C61C21F619F5C0061AC67 /* main.m */ = {isa = PBXFileReference; fileEncoding = 4; lastKnownFileType = sourcecode.c.objc; path = main.m; sourceTree = "<group>"; };
		129C61C41F619F5C0061AC67 /* PrefixHeader.pch */ = {isa = PBXFileReference; fileEncoding = 4; lastKnownFileType = sourcecode.c.h; path = PrefixHeader.pch; sourceTree = "<group>"; };
		129C61C61F619F5C0061AC67 /* ZYCTabBar.h */ = {isa = PBXFileReference; fileEncoding = 4; lastKnownFileType = sourcecode.c.h; path = ZYCTabBar.h; sourceTree = "<group>"; };
		129C61C71F619F5C0061AC67 /* ZYCTabBar.m */ = {isa = PBXFileReference; fileEncoding = 4; lastKnownFileType = sourcecode.c.objc; path = ZYCTabBar.m; sourceTree = "<group>"; };
		129CB0351F83DE5F0039016A /* ZYCRecommendViewController.h */ = {isa = PBXFileReference; lastKnownFileType = sourcecode.c.h; path = ZYCRecommendViewController.h; sourceTree = "<group>"; };
		129CB0361F83DE5F0039016A /* ZYCRecommendViewController.m */ = {isa = PBXFileReference; lastKnownFileType = sourcecode.c.objc; path = ZYCRecommendViewController.m; sourceTree = "<group>"; };
		129CB0371F83DE5F0039016A /* ZYCRecommendViewController.xib */ = {isa = PBXFileReference; lastKnownFileType = file.xib; path = ZYCRecommendViewController.xib; sourceTree = "<group>"; };
		12CCF80F1F5EF0BE0019E988 /* baisibudejie-pro.app */ = {isa = PBXFileReference; explicitFileType = wrapper.application; includeInIndex = 0; path = "baisibudejie-pro.app"; sourceTree = BUILT_PRODUCTS_DIR; };
		12CCF81F1F5EF0C00019E988 /* baisibudejie_pro.xcdatamodel */ = {isa = PBXFileReference; lastKnownFileType = wrapper.xcdatamodel; path = baisibudejie_pro.xcdatamodel; sourceTree = "<group>"; };
		12CCF8211F5EF0C00019E988 /* Assets.xcassets */ = {isa = PBXFileReference; lastKnownFileType = folder.assetcatalog; path = Assets.xcassets; sourceTree = "<group>"; };
		12CCF8261F5EF0C00019E988 /* Info.plist */ = {isa = PBXFileReference; lastKnownFileType = text.plist.xml; path = Info.plist; sourceTree = "<group>"; };
		12CCF82B1F5EF0C70019E988 /* baisibudejie-proUITests.xctest */ = {isa = PBXFileReference; explicitFileType = wrapper.cfbundle; includeInIndex = 0; path = "baisibudejie-proUITests.xctest"; sourceTree = BUILT_PRODUCTS_DIR; };
		12CCF82F1F5EF0C70019E988 /* baisibudejie_proUITests.m */ = {isa = PBXFileReference; lastKnownFileType = sourcecode.c.objc; path = baisibudejie_proUITests.m; sourceTree = "<group>"; };
		12CCF8311F5EF0C70019E988 /* Info.plist */ = {isa = PBXFileReference; lastKnownFileType = text.plist.xml; path = Info.plist; sourceTree = "<group>"; };
		12D2A8B81F93A5C100DDE8CC /* ZYCRecommendTagsViewController.h */ = {isa = PBXFileReference; lastKnownFileType = sourcecode.c.h; path = ZYCRecommendTagsViewController.h; sourceTree = "<group>"; };
		12D2A8B91F93A5C100DDE8CC /* ZYCRecommendTagsViewController.m */ = {isa = PBXFileReference; lastKnownFileType = sourcecode.c.objc; path = ZYCRecommendTagsViewController.m; sourceTree = "<group>"; };
		12D2A8BE1F93A91E00DDE8CC /* ZYCRecommendTag.h */ = {isa = PBXFileReference; lastKnownFileType = sourcecode.c.h; path = ZYCRecommendTag.h; sourceTree = "<group>"; };
		12D2A8BF1F93A91E00DDE8CC /* ZYCRecommendTag.m */ = {isa = PBXFileReference; lastKnownFileType = sourcecode.c.objc; path = ZYCRecommendTag.m; sourceTree = "<group>"; };
		12FE4B971F873897001CD643 /* ZYCNavigationController.h */ = {isa = PBXFileReference; lastKnownFileType = sourcecode.c.h; path = ZYCNavigationController.h; sourceTree = "<group>"; };
		12FE4B981F873897001CD643 /* ZYCNavigationController.m */ = {isa = PBXFileReference; lastKnownFileType = sourcecode.c.objc; path = ZYCNavigationController.m; sourceTree = "<group>"; };
		12FE4B9A1F87397B001CD643 /* Foundation+Log.m */ = {isa = PBXFileReference; lastKnownFileType = sourcecode.c.objc; path = "Foundation+Log.m"; sourceTree = "<group>"; };
		2A35A216CFA1934680D0CABE /* Pods-baisibudejie-proUITests.release.xcconfig */ = {isa = PBXFileReference; includeInIndex = 1; lastKnownFileType = text.xcconfig; name = "Pods-baisibudejie-proUITests.release.xcconfig"; path = "Pods/Target Support Files/Pods-baisibudejie-proUITests/Pods-baisibudejie-proUITests.release.xcconfig"; sourceTree = "<group>"; };
		68BF424DA1771437E5914AAA /* Pods-baisibudejie-proUITests.debug.xcconfig */ = {isa = PBXFileReference; includeInIndex = 1; lastKnownFileType = text.xcconfig; name = "Pods-baisibudejie-proUITests.debug.xcconfig"; path = "Pods/Target Support Files/Pods-baisibudejie-proUITests/Pods-baisibudejie-proUITests.debug.xcconfig"; sourceTree = "<group>"; };
		94453FD44617546F5956BE9A /* libPods-baisibudejie-proUITests.a */ = {isa = PBXFileReference; explicitFileType = archive.ar; includeInIndex = 0; path = "libPods-baisibudejie-proUITests.a"; sourceTree = BUILT_PRODUCTS_DIR; };
		957DC7938FC6A836052CAE06 /* Pods-baisibudejie-pro.debug.xcconfig */ = {isa = PBXFileReference; includeInIndex = 1; lastKnownFileType = text.xcconfig; name = "Pods-baisibudejie-pro.debug.xcconfig"; path = "Pods/Target Support Files/Pods-baisibudejie-pro/Pods-baisibudejie-pro.debug.xcconfig"; sourceTree = "<group>"; };
		A5DDEC683FC06DD02B05B407 /* libPods-baisibudejie-pro.a */ = {isa = PBXFileReference; explicitFileType = archive.ar; includeInIndex = 0; path = "libPods-baisibudejie-pro.a"; sourceTree = BUILT_PRODUCTS_DIR; };
/* End PBXFileReference section */

/* Begin PBXFrameworksBuildPhase section */
		12CCF80C1F5EF0BE0019E988 /* Frameworks */ = {
			isa = PBXFrameworksBuildPhase;
			buildActionMask = 2147483647;
			files = (
				F6024F547A0844366175776E /* libPods-baisibudejie-pro.a in Frameworks */,
			);
			runOnlyForDeploymentPostprocessing = 0;
		};
		12CCF8281F5EF0C70019E988 /* Frameworks */ = {
			isa = PBXFrameworksBuildPhase;
			buildActionMask = 2147483647;
			files = (
				86AD902B87DA3FA09C77B4F0 /* libPods-baisibudejie-proUITests.a in Frameworks */,
			);
			runOnlyForDeploymentPostprocessing = 0;
		};
/* End PBXFrameworksBuildPhase section */

/* Begin PBXGroup section */
		129C619A1F619F5C0061AC67 /* Classes */ = {
			isa = PBXGroup;
			children = (
				129C619B1F619F5C0061AC67 /* Essence-精华 */,
				129C61A21F619F5C0061AC67 /* FriendTrends-关注 */,
				129C61A91F619F5C0061AC67 /* Me-我 */,
				129C61B01F619F5C0061AC67 /* New-新帖 */,
				129C61B71F619F5C0061AC67 /* Other-其它 */,
			);
			path = Classes;
			sourceTree = "<group>";
		};
		129C619B1F619F5C0061AC67 /* Essence-精华 */ = {
			isa = PBXGroup;
			children = (
				129C619C1F619F5C0061AC67 /* Controller */,
				129C61A01F619F5C0061AC67 /* Model */,
				129C61A11F619F5C0061AC67 /* View */,
			);
			path = "Essence-精华";
			sourceTree = "<group>";
		};
		129C619C1F619F5C0061AC67 /* Controller */ = {
			isa = PBXGroup;
			children = (
				129C619D1F619F5C0061AC67 /* ZYCEssenceViewController.h */,
				129C619E1F619F5C0061AC67 /* ZYCEssenceViewController.m */,
				129C619F1F619F5C0061AC67 /* ZYCEssenceViewController.xib */,
				12D2A8B81F93A5C100DDE8CC /* ZYCRecommendTagsViewController.h */,
				12D2A8B91F93A5C100DDE8CC /* ZYCRecommendTagsViewController.m */,
			);
			path = Controller;
			sourceTree = "<group>";
		};
		129C61A01F619F5C0061AC67 /* Model */ = {
			isa = PBXGroup;
			children = (
				12D2A8BE1F93A91E00DDE8CC /* ZYCRecommendTag.h */,
				12D2A8BF1F93A91E00DDE8CC /* ZYCRecommendTag.m */,
			);
			path = Model;
			sourceTree = "<group>";
		};
		129C61A11F619F5C0061AC67 /* View */ = {
			isa = PBXGroup;
			children = (
				128D04B81F94E8D2005BECAE /* ZYCRecommendTagsCell.h */,
				128D04B91F94E8D2005BECAE /* ZYCRecommendTagsCell.m */,
				128D04BA1F94E8D2005BECAE /* ZYCRecommendTagsCell.xib */,
			);
			path = View;
			sourceTree = "<group>";
		};
		129C61A21F619F5C0061AC67 /* FriendTrends-关注 */ = {
			isa = PBXGroup;
			children = (
				129C61A31F619F5C0061AC67 /* Controller */,
				129C61A71F619F5C0061AC67 /* Model */,
				129C61A81F619F5C0061AC67 /* View */,
			);
			path = "FriendTrends-关注";
			sourceTree = "<group>";
		};
		129C61A31F619F5C0061AC67 /* Controller */ = {
			isa = PBXGroup;
			children = (
				129C61A41F619F5C0061AC67 /* ZYCFriendTrendsViewController.h */,
				129C61A51F619F5C0061AC67 /* ZYCFriendTrendsViewController.m */,
				129C61A61F619F5C0061AC67 /* ZYCFriendTrendsViewController.xib */,
				129CB0351F83DE5F0039016A /* ZYCRecommendViewController.h */,
				129CB0361F83DE5F0039016A /* ZYCRecommendViewController.m */,
				129CB0371F83DE5F0039016A /* ZYCRecommendViewController.xib */,
				1292797B1F9B999A003254E4 /* ZYCLoginRegisterViewController.h */,
				1292797C1F9B999A003254E4 /* ZYCLoginRegisterViewController.m */,
				1292797D1F9B999A003254E4 /* ZYCLoginRegisterViewController.xib */,
			);
			path = Controller;
			sourceTree = "<group>";
		};
		129C61A71F619F5C0061AC67 /* Model */ = {
			isa = PBXGroup;
			children = (
				12313E0B1F8A524200441AAF /* ZYCRecommendCategory.h */,
				12313E0C1F8A524200441AAF /* ZYCRecommendCategory.m */,
				1226FDB81F8D130A00488C4E /* ZYCRecommendUser.h */,
				1226FDB91F8D130A00488C4E /* ZYCRecommendUser.m */,
			);
			path = Model;
			sourceTree = "<group>";
		};
		129C61A81F619F5C0061AC67 /* View */ = {
			isa = PBXGroup;
			children = (
				12313E0E1F8A5A3600441AAF /* ZYCRecommenCategoryCell.h */,
				12313E0F1F8A5A3600441AAF /* ZYCRecommenCategoryCell.m */,
				12313E101F8A5A3600441AAF /* ZYCRecommenCategoryCell.xib */,
				1226FDB31F8D0EE300488C4E /* ZYCRecommendUserCell.h */,
				1226FDB41F8D0EE300488C4E /* ZYCRecommendUserCell.m */,
				1226FDB51F8D0EE300488C4E /* ZYCRecommendUserCell.xib */,
				129279831F9BAFAE003254E4 /* ZYCVerticalButton.h */,
				129279841F9BAFAE003254E4 /* ZYCVerticalButton.m */,
			);
			path = View;
			sourceTree = "<group>";
		};
		129C61A91F619F5C0061AC67 /* Me-我 */ = {
			isa = PBXGroup;
			children = (
				129C61AA1F619F5C0061AC67 /* Controller */,
				129C61AE1F619F5C0061AC67 /* Model */,
				129C61AF1F619F5C0061AC67 /* View */,
			);
			path = "Me-我";
			sourceTree = "<group>";
		};
		129C61AA1F619F5C0061AC67 /* Controller */ = {
			isa = PBXGroup;
			children = (
				129C61AB1F619F5C0061AC67 /* ZYCMeViewController.h */,
				129C61AC1F619F5C0061AC67 /* ZYCMeViewController.m */,
				129C61AD1F619F5C0061AC67 /* ZYCMeViewController.xib */,
			);
			path = Controller;
			sourceTree = "<group>";
		};
		129C61AE1F619F5C0061AC67 /* Model */ = {
			isa = PBXGroup;
			children = (
			);
			path = Model;
			sourceTree = "<group>";
		};
		129C61AF1F619F5C0061AC67 /* View */ = {
			isa = PBXGroup;
			children = (
			);
			path = View;
			sourceTree = "<group>";
		};
		129C61B01F619F5C0061AC67 /* New-新帖 */ = {
			isa = PBXGroup;
			children = (
				129C61B11F619F5C0061AC67 /* Controller */,
				129C61B51F619F5C0061AC67 /* Model */,
				129C61B61F619F5C0061AC67 /* View */,
			);
			path = "New-新帖";
			sourceTree = "<group>";
		};
		129C61B11F619F5C0061AC67 /* Controller */ = {
			isa = PBXGroup;
			children = (
				129C61B21F619F5C0061AC67 /* ZYCNewViewController.h */,
				129C61B31F619F5C0061AC67 /* ZYCNewViewController.m */,
				129C61B41F619F5C0061AC67 /* ZYCNewViewController.xib */,
			);
			path = Controller;
			sourceTree = "<group>";
		};
		129C61B51F619F5C0061AC67 /* Model */ = {
			isa = PBXGroup;
			children = (
			);
			path = Model;
			sourceTree = "<group>";
		};
		129C61B61F619F5C0061AC67 /* View */ = {
			isa = PBXGroup;
			children = (
			);
			path = View;
			sourceTree = "<group>";
		};
		129C61B71F619F5C0061AC67 /* Other-其它 */ = {
			isa = PBXGroup;
			children = (
				129C61B81F619F5C0061AC67 /* AppDelegate.h */,
				129C61B91F619F5C0061AC67 /* AppDelegate.m */,
				129C61BA1F619F5C0061AC67 /* Category */,
				129C61BF1F619F5C0061AC67 /* Controller */,
				129C61C21F619F5C0061AC67 /* main.m */,
				129C61C31F619F5C0061AC67 /* Model */,
				129C61C41F619F5C0061AC67 /* PrefixHeader.pch */,
				129C61C51F619F5C0061AC67 /* View */,
			);
			path = "Other-其它";
			sourceTree = "<group>";
		};
		129C61BA1F619F5C0061AC67 /* Category */ = {
			isa = PBXGroup;
			children = (
				12FE4B9A1F87397B001CD643 /* Foundation+Log.m */,
				129C61BB1F619F5C0061AC67 /* UIBarButtonItem+ZYCExtention.h */,
				129C61BC1F619F5C0061AC67 /* UIBarButtonItem+ZYCExtention.m */,
				129C61BD1F619F5C0061AC67 /* UIView+ZYCExtention.h */,
				129C61BE1F619F5C0061AC67 /* UIView+ZYCExtention.m */,
			);
			path = Category;
			sourceTree = "<group>";
		};
		129C61BF1F619F5C0061AC67 /* Controller */ = {
			isa = PBXGroup;
			children = (
				129C61C01F619F5C0061AC67 /* ZYCTabBarController.h */,
				129C61C11F619F5C0061AC67 /* ZYCTabBarController.m */,
				12FE4B971F873897001CD643 /* ZYCNavigationController.h */,
				12FE4B981F873897001CD643 /* ZYCNavigationController.m */,
			);
			path = Controller;
			sourceTree = "<group>";
		};
		129C61C31F619F5C0061AC67 /* Model */ = {
			isa = PBXGroup;
			children = (
			);
			path = Model;
			sourceTree = "<group>";
		};
		129C61C51F619F5C0061AC67 /* View */ = {
			isa = PBXGroup;
			children = (
				129C61C61F619F5C0061AC67 /* ZYCTabBar.h */,
				129C61C71F619F5C0061AC67 /* ZYCTabBar.m */,
			);
			path = View;
			sourceTree = "<group>";
		};
		12CCF8061F5EF0BE0019E988 = {
			isa = PBXGroup;
			children = (
				12CCF8111F5EF0BE0019E988 /* baisibudejie-pro */,
				12CCF82E1F5EF0C70019E988 /* baisibudejie-proUITests */,
				12CCF8101F5EF0BE0019E988 /* Products */,
				E30C9712316B4647BD6BB533 /* Pods */,
				EFAC58DAFB04BC33FB676003 /* Frameworks */,
			);
			sourceTree = "<group>";
		};
		12CCF8101F5EF0BE0019E988 /* Products */ = {
			isa = PBXGroup;
			children = (
				12CCF80F1F5EF0BE0019E988 /* baisibudejie-pro.app */,
				12CCF82B1F5EF0C70019E988 /* baisibudejie-proUITests.xctest */,
			);
			name = Products;
			sourceTree = "<group>";
		};
		12CCF8111F5EF0BE0019E988 /* baisibudejie-pro */ = {
			isa = PBXGroup;
			children = (
				129C619A1F619F5C0061AC67 /* Classes */,
				12CCF81E1F5EF0C00019E988 /* baisibudejie_pro.xcdatamodeld */,
				12CCF8121F5EF0BF0019E988 /* Supporting Files */,
			);
			path = "baisibudejie-pro";
			sourceTree = "<group>";
		};
		12CCF8121F5EF0BF0019E988 /* Supporting Files */ = {
			isa = PBXGroup;
			children = (
				12CCF8211F5EF0C00019E988 /* Assets.xcassets */,
				12CCF8261F5EF0C00019E988 /* Info.plist */,
			);
			name = "Supporting Files";
			sourceTree = "<group>";
		};
		12CCF82E1F5EF0C70019E988 /* baisibudejie-proUITests */ = {
			isa = PBXGroup;
			children = (
				12CCF82F1F5EF0C70019E988 /* baisibudejie_proUITests.m */,
				12CCF8311F5EF0C70019E988 /* Info.plist */,
			);
			path = "baisibudejie-proUITests";
			sourceTree = "<group>";
		};
		E30C9712316B4647BD6BB533 /* Pods */ = {
			isa = PBXGroup;
			children = (
				957DC7938FC6A836052CAE06 /* Pods-baisibudejie-pro.debug.xcconfig */,
				08A339B69BBAB719148CAC9E /* Pods-baisibudejie-pro.release.xcconfig */,
				68BF424DA1771437E5914AAA /* Pods-baisibudejie-proUITests.debug.xcconfig */,
				2A35A216CFA1934680D0CABE /* Pods-baisibudejie-proUITests.release.xcconfig */,
			);
			name = Pods;
			sourceTree = "<group>";
		};
		EFAC58DAFB04BC33FB676003 /* Frameworks */ = {
			isa = PBXGroup;
			children = (
				A5DDEC683FC06DD02B05B407 /* libPods-baisibudejie-pro.a */,
				94453FD44617546F5956BE9A /* libPods-baisibudejie-proUITests.a */,
			);
			name = Frameworks;
			sourceTree = "<group>";
		};
/* End PBXGroup section */

/* Begin PBXNativeTarget section */
		12CCF80E1F5EF0BE0019E988 /* baisibudejie-pro */ = {
			isa = PBXNativeTarget;
			buildConfigurationList = 12CCF8341F5EF0C70019E988 /* Build configuration list for PBXNativeTarget "baisibudejie-pro" */;
			buildPhases = (
				1C56CBD585F9E93890A58208 /* [CP] Check Pods Manifest.lock */,
				12CCF80B1F5EF0BE0019E988 /* Sources */,
				12CCF80C1F5EF0BE0019E988 /* Frameworks */,
				12CCF80D1F5EF0BE0019E988 /* Resources */,
				65F430F0FF7302B61CA58452 /* [CP] Embed Pods Frameworks */,
				F67F4A7EBB837954685F8651 /* [CP] Copy Pods Resources */,
			);
			buildRules = (
			);
			dependencies = (
			);
			name = "baisibudejie-pro";
			productName = "baisibudejie-pro";
			productReference = 12CCF80F1F5EF0BE0019E988 /* baisibudejie-pro.app */;
			productType = "com.apple.product-type.application";
		};
		12CCF82A1F5EF0C70019E988 /* baisibudejie-proUITests */ = {
			isa = PBXNativeTarget;
			buildConfigurationList = 12CCF8371F5EF0C70019E988 /* Build configuration list for PBXNativeTarget "baisibudejie-proUITests" */;
			buildPhases = (
				E20AAA2217F008D4F1C24017 /* [CP] Check Pods Manifest.lock */,
				12CCF8271F5EF0C70019E988 /* Sources */,
				12CCF8281F5EF0C70019E988 /* Frameworks */,
				12CCF8291F5EF0C70019E988 /* Resources */,
				13C175CE9F7DE977ED24A2A9 /* [CP] Embed Pods Frameworks */,
				EAE84B107EB7B7E131FEE795 /* [CP] Copy Pods Resources */,
			);
			buildRules = (
			);
			dependencies = (
				12CCF82D1F5EF0C70019E988 /* PBXTargetDependency */,
			);
			name = "baisibudejie-proUITests";
			productName = "baisibudejie-proUITests";
			productReference = 12CCF82B1F5EF0C70019E988 /* baisibudejie-proUITests.xctest */;
			productType = "com.apple.product-type.bundle.ui-testing";
		};
/* End PBXNativeTarget section */

/* Begin PBXProject section */
		12CCF8071F5EF0BE0019E988 /* Project object */ = {
			isa = PBXProject;
			attributes = {
				CLASSPREFIX = ZYC;
				LastUpgradeCheck = 0900;
				ORGANIZATIONNAME = wpzyc;
				TargetAttributes = {
					12CCF80E1F5EF0BE0019E988 = {
						CreatedOnToolsVersion = 8.3.1;
						ProvisioningStyle = Automatic;
					};
					12CCF82A1F5EF0C70019E988 = {
						CreatedOnToolsVersion = 8.3.1;
						ProvisioningStyle = Automatic;
						TestTargetID = 12CCF80E1F5EF0BE0019E988;
					};
				};
			};
			buildConfigurationList = 12CCF80A1F5EF0BE0019E988 /* Build configuration list for PBXProject "baisibudejie-pro" */;
			compatibilityVersion = "Xcode 3.2";
			developmentRegion = English;
			hasScannedForEncodings = 0;
			knownRegions = (
				en,
				Base,
			);
			mainGroup = 12CCF8061F5EF0BE0019E988;
			productRefGroup = 12CCF8101F5EF0BE0019E988 /* Products */;
			projectDirPath = "";
			projectRoot = "";
			targets = (
				12CCF80E1F5EF0BE0019E988 /* baisibudejie-pro */,
				12CCF82A1F5EF0C70019E988 /* baisibudejie-proUITests */,
			);
		};
/* End PBXProject section */

/* Begin PBXResourcesBuildPhase section */
		12CCF80D1F5EF0BE0019E988 /* Resources */ = {
			isa = PBXResourcesBuildPhase;
			buildActionMask = 2147483647;
			files = (
				1292797F1F9B999B003254E4 /* ZYCLoginRegisterViewController.xib in Resources */,
				1226FDB71F8D0EE300488C4E /* ZYCRecommendUserCell.xib in Resources */,
				129C61C91F619F5C0061AC67 /* ZYCEssenceViewController.xib in Resources */,
				12313E121F8A5A3600441AAF /* ZYCRecommenCategoryCell.xib in Resources */,
				129C61CB1F619F5C0061AC67 /* ZYCFriendTrendsViewController.xib in Resources */,
				129CB0391F83DE5F0039016A /* ZYCRecommendViewController.xib in Resources */,
				128D04BC1F94E8D2005BECAE /* ZYCRecommendTagsCell.xib in Resources */,
				129C61CF1F619F5C0061AC67 /* ZYCNewViewController.xib in Resources */,
				12CCF8221F5EF0C00019E988 /* Assets.xcassets in Resources */,
				129C61CD1F619F5C0061AC67 /* ZYCMeViewController.xib in Resources */,
			);
			runOnlyForDeploymentPostprocessing = 0;
		};
		12CCF8291F5EF0C70019E988 /* Resources */ = {
			isa = PBXResourcesBuildPhase;
			buildActionMask = 2147483647;
			files = (
			);
			runOnlyForDeploymentPostprocessing = 0;
		};
/* End PBXResourcesBuildPhase section */

/* Begin PBXShellScriptBuildPhase section */
		13C175CE9F7DE977ED24A2A9 /* [CP] Embed Pods Frameworks */ = {
			isa = PBXShellScriptBuildPhase;
			buildActionMask = 2147483647;
			files = (
			);
			inputPaths = (
			);
			name = "[CP] Embed Pods Frameworks";
			outputPaths = (
			);
			runOnlyForDeploymentPostprocessing = 0;
			shellPath = /bin/sh;
			shellScript = "\"${SRCROOT}/Pods/Target Support Files/Pods-baisibudejie-proUITests/Pods-baisibudejie-proUITests-frameworks.sh\"\n";
			showEnvVarsInLog = 0;
		};
		1C56CBD585F9E93890A58208 /* [CP] Check Pods Manifest.lock */ = {
			isa = PBXShellScriptBuildPhase;
			buildActionMask = 2147483647;
			files = (
			);
			inputPaths = (
			);
			name = "[CP] Check Pods Manifest.lock";
			outputPaths = (
			);
			runOnlyForDeploymentPostprocessing = 0;
			shellPath = /bin/sh;
			shellScript = "diff \"${PODS_PODFILE_DIR_PATH}/Podfile.lock\" \"${PODS_ROOT}/Manifest.lock\" > /dev/null\nif [ $? != 0 ] ; then\n    # print error to STDERR\n    echo \"error: The sandbox is not in sync with the Podfile.lock. Run 'pod install' or update your CocoaPods installation.\" >&2\n    exit 1\nfi\n";
			showEnvVarsInLog = 0;
		};
		65F430F0FF7302B61CA58452 /* [CP] Embed Pods Frameworks */ = {
			isa = PBXShellScriptBuildPhase;
			buildActionMask = 2147483647;
			files = (
			);
			inputPaths = (
			);
			name = "[CP] Embed Pods Frameworks";
			outputPaths = (
			);
			runOnlyForDeploymentPostprocessing = 0;
			shellPath = /bin/sh;
			shellScript = "\"${SRCROOT}/Pods/Target Support Files/Pods-baisibudejie-pro/Pods-baisibudejie-pro-frameworks.sh\"\n";
			showEnvVarsInLog = 0;
		};
		E20AAA2217F008D4F1C24017 /* [CP] Check Pods Manifest.lock */ = {
			isa = PBXShellScriptBuildPhase;
			buildActionMask = 2147483647;
			files = (
			);
			inputPaths = (
			);
			name = "[CP] Check Pods Manifest.lock";
			outputPaths = (
			);
			runOnlyForDeploymentPostprocessing = 0;
			shellPath = /bin/sh;
			shellScript = "diff \"${PODS_PODFILE_DIR_PATH}/Podfile.lock\" \"${PODS_ROOT}/Manifest.lock\" > /dev/null\nif [ $? != 0 ] ; then\n    # print error to STDERR\n    echo \"error: The sandbox is not in sync with the Podfile.lock. Run 'pod install' or update your CocoaPods installation.\" >&2\n    exit 1\nfi\n";
			showEnvVarsInLog = 0;
		};
		EAE84B107EB7B7E131FEE795 /* [CP] Copy Pods Resources */ = {
			isa = PBXShellScriptBuildPhase;
			buildActionMask = 2147483647;
			files = (
			);
			inputPaths = (
			);
			name = "[CP] Copy Pods Resources";
			outputPaths = (
			);
			runOnlyForDeploymentPostprocessing = 0;
			shellPath = /bin/sh;
			shellScript = "\"${SRCROOT}/Pods/Target Support Files/Pods-baisibudejie-proUITests/Pods-baisibudejie-proUITests-resources.sh\"\n";
			showEnvVarsInLog = 0;
		};
		F67F4A7EBB837954685F8651 /* [CP] Copy Pods Resources */ = {
			isa = PBXShellScriptBuildPhase;
			buildActionMask = 2147483647;
			files = (
			);
			inputPaths = (
			);
			name = "[CP] Copy Pods Resources";
			outputPaths = (
			);
			runOnlyForDeploymentPostprocessing = 0;
			shellPath = /bin/sh;
			shellScript = "\"${SRCROOT}/Pods/Target Support Files/Pods-baisibudejie-pro/Pods-baisibudejie-pro-resources.sh\"\n";
			showEnvVarsInLog = 0;
		};
/* End PBXShellScriptBuildPhase section */

/* Begin PBXSourcesBuildPhase section */
		12CCF80B1F5EF0BE0019E988 /* Sources */ = {
			isa = PBXSourcesBuildPhase;
			buildActionMask = 2147483647;
			files = (
				128D04BB1F94E8D2005BECAE /* ZYCRecommendTagsCell.m in Sources */,
				129279851F9BAFAE003254E4 /* ZYCVerticalButton.m in Sources */,
				129C61D41F619F5C0061AC67 /* main.m in Sources */,
				1226FDB61F8D0EE300488C4E /* ZYCRecommendUserCell.m in Sources */,
				12FE4B9B1F87397B001CD643 /* Foundation+Log.m in Sources */,
				129C61D31F619F5C0061AC67 /* ZYCTabBarController.m in Sources */,
				12FE4B991F873897001CD643 /* ZYCNavigationController.m in Sources */,
				129C61D21F619F5C0061AC67 /* UIView+ZYCExtention.m in Sources */,
				129C61C81F619F5C0061AC67 /* ZYCEssenceViewController.m in Sources */,
				129C61D11F619F5C0061AC67 /* UIBarButtonItem+ZYCExtention.m in Sources */,
				129C61CE1F619F5C0061AC67 /* ZYCNewViewController.m in Sources */,
				12313E0D1F8A524200441AAF /* ZYCRecommendCategory.m in Sources */,
				129C61D51F619F5C0061AC67 /* ZYCTabBar.m in Sources */,
				129C61D01F619F5C0061AC67 /* AppDelegate.m in Sources */,
				129C61CA1F619F5C0061AC67 /* ZYCFriendTrendsViewController.m in Sources */,
				12CCF8201F5EF0C00019E988 /* baisibudejie_pro.xcdatamodeld in Sources */,
				12D2A8BA1F93A5C100DDE8CC /* ZYCRecommendTagsViewController.m in Sources */,
				1292797E1F9B999B003254E4 /* ZYCLoginRegisterViewController.m in Sources */,
				129CB0381F83DE5F0039016A /* ZYCRecommendViewController.m in Sources */,
				12D2A8C01F93A91E00DDE8CC /* ZYCRecommendTag.m in Sources */,
				12313E111F8A5A3600441AAF /* ZYCRecommenCategoryCell.m in Sources */,
				1226FDBA1F8D130A00488C4E /* ZYCRecommendUser.m in Sources */,
				129C61CC1F619F5C0061AC67 /* ZYCMeViewController.m in Sources */,
			);
			runOnlyForDeploymentPostprocessing = 0;
		};
		12CCF8271F5EF0C70019E988 /* Sources */ = {
			isa = PBXSourcesBuildPhase;
			buildActionMask = 2147483647;
			files = (
				12CCF8301F5EF0C70019E988 /* baisibudejie_proUITests.m in Sources */,
			);
			runOnlyForDeploymentPostprocessing = 0;
		};
/* End PBXSourcesBuildPhase section */

/* Begin PBXTargetDependency section */
		12CCF82D1F5EF0C70019E988 /* PBXTargetDependency */ = {
			isa = PBXTargetDependency;
			target = 12CCF80E1F5EF0BE0019E988 /* baisibudejie-pro */;
			targetProxy = 12CCF82C1F5EF0C70019E988 /* PBXContainerItemProxy */;
		};
/* End PBXTargetDependency section */

/* Begin XCBuildConfiguration section */
		12CCF8321F5EF0C70019E988 /* Debug */ = {
			isa = XCBuildConfiguration;
			buildSettings = {
				ALWAYS_SEARCH_USER_PATHS = NO;
				CLANG_ANALYZER_NONNULL = YES;
				CLANG_ANALYZER_NUMBER_OBJECT_CONVERSION = YES_AGGRESSIVE;
				CLANG_CXX_LANGUAGE_STANDARD = "gnu++0x";
				CLANG_CXX_LIBRARY = "libc++";
				CLANG_ENABLE_MODULES = YES;
				CLANG_ENABLE_OBJC_ARC = YES;
				CLANG_WARN_BLOCK_CAPTURE_AUTORELEASING = YES;
				CLANG_WARN_BOOL_CONVERSION = YES;
				CLANG_WARN_COMMA = YES;
				CLANG_WARN_CONSTANT_CONVERSION = YES;
				CLANG_WARN_DIRECT_OBJC_ISA_USAGE = YES_ERROR;
				CLANG_WARN_DOCUMENTATION_COMMENTS = YES;
				CLANG_WARN_EMPTY_BODY = YES;
				CLANG_WARN_ENUM_CONVERSION = YES;
				CLANG_WARN_INFINITE_RECURSION = YES;
				CLANG_WARN_INT_CONVERSION = YES;
				CLANG_WARN_NON_LITERAL_NULL_CONVERSION = YES;
				CLANG_WARN_OBJC_LITERAL_CONVERSION = YES;
				CLANG_WARN_OBJC_ROOT_CLASS = YES_ERROR;
				CLANG_WARN_RANGE_LOOP_ANALYSIS = YES;
				CLANG_WARN_STRICT_PROTOTYPES = YES;
				CLANG_WARN_SUSPICIOUS_MOVE = YES;
				CLANG_WARN_UNREACHABLE_CODE = YES;
				CLANG_WARN__DUPLICATE_METHOD_MATCH = YES;
				"CODE_SIGN_IDENTITY[sdk=iphoneos*]" = "iPhone Developer";
				COPY_PHASE_STRIP = NO;
				DEBUG_INFORMATION_FORMAT = dwarf;
				ENABLE_STRICT_OBJC_MSGSEND = YES;
				ENABLE_TESTABILITY = YES;
				GCC_C_LANGUAGE_STANDARD = gnu99;
				GCC_DYNAMIC_NO_PIC = NO;
				GCC_NO_COMMON_BLOCKS = YES;
				GCC_OPTIMIZATION_LEVEL = 0;
				GCC_PREFIX_HEADER = "baisibudejie-pro/Classes/Other-其它/PrefixHeader.pch";
				GCC_PREPROCESSOR_DEFINITIONS = (
					"DEBUG=1",
					"$(inherited)",
				);
				GCC_WARN_64_TO_32_BIT_CONVERSION = YES;
				GCC_WARN_ABOUT_RETURN_TYPE = YES_ERROR;
				GCC_WARN_UNDECLARED_SELECTOR = YES;
				GCC_WARN_UNINITIALIZED_AUTOS = YES_AGGRESSIVE;
				GCC_WARN_UNUSED_FUNCTION = YES;
				GCC_WARN_UNUSED_VARIABLE = YES;
				IPHONEOS_DEPLOYMENT_TARGET = 11.0;
				MTL_ENABLE_DEBUG_INFO = YES;
				ONLY_ACTIVE_ARCH = YES;
				OTHER_LDFLAGS = "-all_load";
				"OTHER_LDFLAGS[arch=*]" = "-all_load";
				SDKROOT = iphoneos11.0;
			};
			name = Debug;
		};
		12CCF8331F5EF0C70019E988 /* Release */ = {
			isa = XCBuildConfiguration;
			buildSettings = {
				ALWAYS_SEARCH_USER_PATHS = NO;
				CLANG_ANALYZER_NONNULL = YES;
				CLANG_ANALYZER_NUMBER_OBJECT_CONVERSION = YES_AGGRESSIVE;
				CLANG_CXX_LANGUAGE_STANDARD = "gnu++0x";
				CLANG_CXX_LIBRARY = "libc++";
				CLANG_ENABLE_MODULES = YES;
				CLANG_ENABLE_OBJC_ARC = YES;
				CLANG_WARN_BLOCK_CAPTURE_AUTORELEASING = YES;
				CLANG_WARN_BOOL_CONVERSION = YES;
				CLANG_WARN_COMMA = YES;
				CLANG_WARN_CONSTANT_CONVERSION = YES;
				CLANG_WARN_DIRECT_OBJC_ISA_USAGE = YES_ERROR;
				CLANG_WARN_DOCUMENTATION_COMMENTS = YES;
				CLANG_WARN_EMPTY_BODY = YES;
				CLANG_WARN_ENUM_CONVERSION = YES;
				CLANG_WARN_INFINITE_RECURSION = YES;
				CLANG_WARN_INT_CONVERSION = YES;
				CLANG_WARN_NON_LITERAL_NULL_CONVERSION = YES;
				CLANG_WARN_OBJC_LITERAL_CONVERSION = YES;
				CLANG_WARN_OBJC_ROOT_CLASS = YES_ERROR;
				CLANG_WARN_RANGE_LOOP_ANALYSIS = YES;
				CLANG_WARN_STRICT_PROTOTYPES = YES;
				CLANG_WARN_SUSPICIOUS_MOVE = YES;
				CLANG_WARN_UNREACHABLE_CODE = YES;
				CLANG_WARN__DUPLICATE_METHOD_MATCH = YES;
				"CODE_SIGN_IDENTITY[sdk=iphoneos*]" = "iPhone Developer";
				COPY_PHASE_STRIP = NO;
				DEBUG_INFORMATION_FORMAT = "dwarf-with-dsym";
				ENABLE_NS_ASSERTIONS = NO;
				ENABLE_STRICT_OBJC_MSGSEND = YES;
				GCC_C_LANGUAGE_STANDARD = gnu99;
				GCC_NO_COMMON_BLOCKS = YES;
				GCC_PREFIX_HEADER = "baisibudejie-pro/Classes/Other-其它/PrefixHeader.pch";
				GCC_WARN_64_TO_32_BIT_CONVERSION = YES;
				GCC_WARN_ABOUT_RETURN_TYPE = YES_ERROR;
				GCC_WARN_UNDECLARED_SELECTOR = YES;
				GCC_WARN_UNINITIALIZED_AUTOS = YES_AGGRESSIVE;
				GCC_WARN_UNUSED_FUNCTION = YES;
				GCC_WARN_UNUSED_VARIABLE = YES;
				IPHONEOS_DEPLOYMENT_TARGET = 11.0;
				MTL_ENABLE_DEBUG_INFO = NO;
				OTHER_LDFLAGS = "-all_load";
				"OTHER_LDFLAGS[arch=*]" = "-all_load";
				SDKROOT = iphoneos11.0;
				VALIDATE_PRODUCT = YES;
			};
			name = Release;
		};
		12CCF8351F5EF0C70019E988 /* Debug */ = {
			isa = XCBuildConfiguration;
			baseConfigurationReference = 957DC7938FC6A836052CAE06 /* Pods-baisibudejie-pro.debug.xcconfig */;
			buildSettings = {
				ASSETCATALOG_COMPILER_APPICON_NAME = AppIcon;
				ASSETCATALOG_COMPILER_LAUNCHIMAGE_NAME = LaunchImage;
				INFOPLIST_FILE = "baisibudejie-pro/Info.plist";
				IPHONEOS_DEPLOYMENT_TARGET = 11.0;
				LD_RUNPATH_SEARCH_PATHS = "$(inherited) @executable_path/Frameworks";
				PRODUCT_BUNDLE_IDENTIFIER = "com.wpzyc.baisibudejie-pro";
				PRODUCT_NAME = "$(TARGET_NAME)";
			};
			name = Debug;
		};
		12CCF8361F5EF0C70019E988 /* Release */ = {
			isa = XCBuildConfiguration;
			baseConfigurationReference = 08A339B69BBAB719148CAC9E /* Pods-baisibudejie-pro.release.xcconfig */;
			buildSettings = {
				ASSETCATALOG_COMPILER_APPICON_NAME = AppIcon;
				ASSETCATALOG_COMPILER_LAUNCHIMAGE_NAME = LaunchImage;
				INFOPLIST_FILE = "baisibudejie-pro/Info.plist";
				IPHONEOS_DEPLOYMENT_TARGET = 11.0;
				LD_RUNPATH_SEARCH_PATHS = "$(inherited) @executable_path/Frameworks";
				PRODUCT_BUNDLE_IDENTIFIER = "com.wpzyc.baisibudejie-pro";
				PRODUCT_NAME = "$(TARGET_NAME)";
			};
			name = Release;
		};
		12CCF8381F5EF0C70019E988 /* Debug */ = {
			isa = XCBuildConfiguration;
			baseConfigurationReference = 68BF424DA1771437E5914AAA /* Pods-baisibudejie-proUITests.debug.xcconfig */;
			buildSettings = {
				INFOPLIST_FILE = "baisibudejie-proUITests/Info.plist";
				LD_RUNPATH_SEARCH_PATHS = "$(inherited) @executable_path/Frameworks @loader_path/Frameworks";
				PRODUCT_BUNDLE_IDENTIFIER = "com.wpzyc.baisibudejie-proUITests";
				PRODUCT_NAME = "$(TARGET_NAME)";
				TEST_TARGET_NAME = "baisibudejie-pro";
			};
			name = Debug;
		};
		12CCF8391F5EF0C70019E988 /* Release */ = {
			isa = XCBuildConfiguration;
			baseConfigurationReference = 2A35A216CFA1934680D0CABE /* Pods-baisibudejie-proUITests.release.xcconfig */;
			buildSettings = {
				INFOPLIST_FILE = "baisibudejie-proUITests/Info.plist";
				LD_RUNPATH_SEARCH_PATHS = "$(inherited) @executable_path/Frameworks @loader_path/Frameworks";
				PRODUCT_BUNDLE_IDENTIFIER = "com.wpzyc.baisibudejie-proUITests";
				PRODUCT_NAME = "$(TARGET_NAME)";
				TEST_TARGET_NAME = "baisibudejie-pro";
			};
			name = Release;
		};
/* End XCBuildConfiguration section */

/* Begin XCConfigurationList section */
		12CCF80A1F5EF0BE0019E988 /* Build configuration list for PBXProject "baisibudejie-pro" */ = {
			isa = XCConfigurationList;
			buildConfigurations = (
				12CCF8321F5EF0C70019E988 /* Debug */,
				12CCF8331F5EF0C70019E988 /* Release */,
			);
			defaultConfigurationIsVisible = 0;
			defaultConfigurationName = Release;
		};
		12CCF8341F5EF0C70019E988 /* Build configuration list for PBXNativeTarget "baisibudejie-pro" */ = {
			isa = XCConfigurationList;
			buildConfigurations = (
				12CCF8351F5EF0C70019E988 /* Debug */,
				12CCF8361F5EF0C70019E988 /* Release */,
			);
			defaultConfigurationIsVisible = 0;
			defaultConfigurationName = Release;
		};
		12CCF8371F5EF0C70019E988 /* Build configuration list for PBXNativeTarget "baisibudejie-proUITests" */ = {
			isa = XCConfigurationList;
			buildConfigurations = (
				12CCF8381F5EF0C70019E988 /* Debug */,
				12CCF8391F5EF0C70019E988 /* Release */,
			);
			defaultConfigurationIsVisible = 0;
			defaultConfigurationName = Release;
		};
/* End XCConfigurationList section */

/* Begin XCVersionGroup section */
		12CCF81E1F5EF0C00019E988 /* baisibudejie_pro.xcdatamodeld */ = {
			isa = XCVersionGroup;
			children = (
				12CCF81F1F5EF0C00019E988 /* baisibudejie_pro.xcdatamodel */,
			);
			currentVersion = 12CCF81F1F5EF0C00019E988 /* baisibudejie_pro.xcdatamodel */;
			path = baisibudejie_pro.xcdatamodeld;
			sourceTree = "<group>";
			versionGroupType = wrapper.xcdatamodel;
		};
/* End XCVersionGroup section */
	};
	rootObject = 12CCF8071F5EF0BE0019E988 /* Project object */;
}
